// !$*UTF8*$!
{
	archiveVersion = 1;
	classes = {
	};
	objectVersion = 46;
	objects = {

/* Begin PBXBuildFile section */
		51EF3797FDE23B78E54893D3 /* Pods_FirstCocoapodProject.framework in Frameworks */ = {isa = PBXBuildFile; fileRef = D6B6F6F11A1E568E6AE7EE77 /* Pods_FirstCocoapodProject.framework */; };
		9B63A18C1DEDE58D002507B3 /* AppDelegate.swift in Sources */ = {isa = PBXBuildFile; fileRef = 9B63A18B1DEDE58D002507B3 /* AppDelegate.swift */; };
		9B63A18E1DEDE58D002507B3 /* ViewController.swift in Sources */ = {isa = PBXBuildFile; fileRef = 9B63A18D1DEDE58D002507B3 /* ViewController.swift */; };
		9B63A1911DEDE58E002507B3 /* Main.storyboard in Resources */ = {isa = PBXBuildFile; fileRef = 9B63A18F1DEDE58E002507B3 /* Main.storyboard */; };
		9B63A1931DEDE58E002507B3 /* Assets.xcassets in Resources */ = {isa = PBXBuildFile; fileRef = 9B63A1921DEDE58E002507B3 /* Assets.xcassets */; };
		9B63A1961DEDE58E002507B3 /* LaunchScreen.storyboard in Resources */ = {isa = PBXBuildFile; fileRef = 9B63A1941DEDE58E002507B3 /* LaunchScreen.storyboard */; };
/* End PBXBuildFile section */

/* Begin PBXFileReference section */
		1A1672153C6CB818F7BFEE52 /* Pods-FirstCocoapodProject.release.xcconfig */ = {isa = PBXFileReference; includeInIndex = 1; lastKnownFileType = text.xcconfig; name = "Pods-FirstCocoapodProject.release.xcconfig"; path = "Pods/Target Support Files/Pods-FirstCocoapodProject/Pods-FirstCocoapodProject.release.xcconfig"; sourceTree = "<group>"; };
		4D275AF70B07D63AF953225E /* Pods-FirstCocoapodProject.debug.xcconfig */ = {isa = PBXFileReference; includeInIndex = 1; lastKnownFileType = text.xcconfig; name = "Pods-FirstCocoapodProject.debug.xcconfig"; path = "Pods/Target Support Files/Pods-FirstCocoapodProject/Pods-FirstCocoapodProject.debug.xcconfig"; sourceTree = "<group>"; };
		9B63A1881DEDE58D002507B3 /* FirstCocoapodProject.app */ = {isa = PBXFileReference; explicitFileType = wrapper.application; includeInIndex = 0; path = FirstCocoapodProject.app; sourceTree = BUILT_PRODUCTS_DIR; };
		9B63A18B1DEDE58D002507B3 /* AppDelegate.swift */ = {isa = PBXFileReference; lastKnownFileType = sourcecode.swift; path = AppDelegate.swift; sourceTree = "<group>"; };
		9B63A18D1DEDE58D002507B3 /* ViewController.swift */ = {isa = PBXFileReference; lastKnownFileType = sourcecode.swift; path = ViewController.swift; sourceTree = "<group>"; };
		9B63A1901DEDE58E002507B3 /* Base */ = {isa = PBXFileReference; lastKnownFileType = file.storyboard; name = Base; path = Base.lproj/Main.storyboard; sourceTree = "<group>"; };
		9B63A1921DEDE58E002507B3 /* Assets.xcassets */ = {isa = PBXFileReference; lastKnownFileType = folder.assetcatalog; path = Assets.xcassets; sourceTree = "<group>"; };
		9B63A1951DEDE58E002507B3 /* Base */ = {isa = PBXFileReference; lastKnownFileType = file.storyboard; name = Base; path = Base.lproj/LaunchScreen.storyboard; sourceTree = "<group>"; };
		9B63A1971DEDE58E002507B3 /* Info.plist */ = {isa = PBXFileReference; lastKnownFileType = text.plist.xml; path = Info.plist; sourceTree = "<group>"; };
		D6B6F6F11A1E568E6AE7EE77 /* Pods_FirstCocoapodProject.framework */ = {isa = PBXFileReference; explicitFileType = wrapper.framework; includeInIndex = 0; path = Pods_FirstCocoapodProject.framework; sourceTree = BUILT_PRODUCTS_DIR; };
/* End PBXFileReference section */

/* Begin PBXFrameworksBuildPhase section */
		9B63A1851DEDE58D002507B3 /* Frameworks */ = {
			isa = PBXFrameworksBuildPhase;
			buildActionMask = 2147483647;
			files = (
				51EF3797FDE23B78E54893D3 /* Pods_FirstCocoapodProject.framework in Frameworks */,
			);
			runOnlyForDeploymentPostprocessing = 0;
		};
/* End PBXFrameworksBuildPhase section */

/* Begin PBXGroup section */
		8EDE471F36F179296B82F91E /* Frameworks */ = {
			isa = PBXGroup;
			children = (
				D6B6F6F11A1E568E6AE7EE77 /* Pods_FirstCocoapodProject.framework */,
			);
			name = Frameworks;
			sourceTree = "<group>";
		};
		9B63A17F1DEDE58D002507B3 = {
			isa = PBXGroup;
			children = (
				9B63A18A1DEDE58D002507B3 /* FirstCocoapodProject */,
				9B63A1891DEDE58D002507B3 /* Products */,
				B205C5484FC709FE9CABF214 /* Pods */,
				8EDE471F36F179296B82F91E /* Frameworks */,
			);
			sourceTree = "<group>";
		};
		9B63A1891DEDE58D002507B3 /* Products */ = {
			isa = PBXGroup;
			children = (
				9B63A1881DEDE58D002507B3 /* FirstCocoapodProject.app */,
			);
			name = Products;
			sourceTree = "<group>";
		};
		9B63A18A1DEDE58D002507B3 /* FirstCocoapodProject */ = {
			isa = PBXGroup;
			children = (
				9B63A18B1DEDE58D002507B3 /* AppDelegate.swift */,
				9B63A18D1DEDE58D002507B3 /* ViewController.swift */,
				9B63A18F1DEDE58E002507B3 /* Main.storyboard */,
				9B63A1921DEDE58E002507B3 /* Assets.xcassets */,
				9B63A1941DEDE58E002507B3 /* LaunchScreen.storyboard */,
				9B63A1971DEDE58E002507B3 /* Info.plist */,
			);
			path = FirstCocoapodProject;
			sourceTree = "<group>";
		};
		B205C5484FC709FE9CABF214 /* Pods */ = {
			isa = PBXGroup;
			children = (
				4D275AF70B07D63AF953225E /* Pods-FirstCocoapodProject.debug.xcconfig */,
				1A1672153C6CB818F7BFEE52 /* Pods-FirstCocoapodProject.release.xcconfig */,
			);
			name = Pods;
			sourceTree = "<group>";
		};
/* End PBXGroup section */

/* Begin PBXNativeTarget section */
		9B63A1871DEDE58D002507B3 /* FirstCocoapodProject */ = {
			isa = PBXNativeTarget;
			buildConfigurationList = 9B63A19A1DEDE58E002507B3 /* Build configuration list for PBXNativeTarget "FirstCocoapodProject" */;
			buildPhases = (
				1D5F733DB65FEBF6704DC896 /* [CP] Check Pods Manifest.lock */,
				9B63A1841DEDE58D002507B3 /* Sources */,
				9B63A1851DEDE58D002507B3 /* Frameworks */,
				9B63A1861DEDE58D002507B3 /* Resources */,
				438D52E1D052C2470E634D95 /* [CP] Embed Pods Frameworks */,
				1DFF3A13FF2D5C0A521FE9F1 /* [CP] Copy Pods Resources */,
			);
			buildRules = (
			);
			dependencies = (
			);
			name = FirstCocoapodProject;
			productName = FirstCocoapodProject;
			productReference = 9B63A1881DEDE58D002507B3 /* FirstCocoapodProject.app */;
			productType = "com.apple.product-type.application";
		};
/* End PBXNativeTarget section */

/* Begin PBXProject section */
		9B63A1801DEDE58D002507B3 /* Project object */ = {
			isa = PBXProject;
			attributes = {
				LastSwiftUpdateCheck = 0810;
				LastUpgradeCheck = 0810;
				ORGANIZATIONNAME = "Madushani Lekam Wasam Liyanage";
				TargetAttributes = {
					9B63A1871DEDE58D002507B3 = {
						CreatedOnToolsVersion = 8.1;
						DevelopmentTeam = G6ZU47QNTF;
						ProvisioningStyle = Automatic;
					};
				};
			};
			buildConfigurationList = 9B63A1831DEDE58D002507B3 /* Build configuration list for PBXProject "FirstCocoapodProject" */;
			compatibilityVersion = "Xcode 3.2";
			developmentRegion = English;
			hasScannedForEncodings = 0;
			knownRegions = (
				en,
				Base,
			);
			mainGroup = 9B63A17F1DEDE58D002507B3;
			productRefGroup = 9B63A1891DEDE58D002507B3 /* Products */;
			projectDirPath = "";
			projectRoot = "";
			targets = (
				9B63A1871DEDE58D002507B3 /* FirstCocoapodProject */,
			);
		};
/* End PBXProject section */

/* Begin PBXResourcesBuildPhase section */
		9B63A1861DEDE58D002507B3 /* Resources */ = {
			isa = PBXResourcesBuildPhase;
			buildActionMask = 2147483647;
			files = (
				9B63A1961DEDE58E002507B3 /* LaunchScreen.storyboard in Resources */,
				9B63A1931DEDE58E002507B3 /* Assets.xcassets in Resources */,
				9B63A1911DEDE58E002507B3 /* Main.storyboard in Resources */,
			);
			runOnlyForDeploymentPostprocessing = 0;
		};
/* End PBXResourcesBuildPhase section */

/* Begin PBXShellScriptBuildPhase section */
		1D5F733DB65FEBF6704DC896 /* [CP] Check Pods Manifest.lock */ = {
			isa = PBXShellScriptBuildPhase;
			buildActionMask = 2147483647;
			files = (
			);
			inputPaths = (
			);
			name = "[CP] Check Pods Manifest.lock";
			outputPaths = (
			);
			runOnlyForDeploymentPostprocessing = 0;
			shellPath = /bin/sh;
			shellScript = "diff \"${PODS_ROOT}/../Podfile.lock\" \"${PODS_ROOT}/Manifest.lock\" > /dev/null\nif [ $? != 0 ] ; then\n    # print error to STDERR\n    echo \"error: The sandbox is not in sync with the Podfile.lock. Run 'pod install' or update your CocoaPods installation.\" >&2\n    exit 1\nfi\n";
			showEnvVarsInLog = 0;
		};
		1DFF3A13FF2D5C0A521FE9F1 /* [CP] Copy Pods Resources */ = {
			isa = PBXShellScriptBuildPhase;
			buildActionMask = 2147483647;
			files = (
			);
			inputPaths = (
			);
			name = "[CP] Copy Pods Resources";
			outputPaths = (
			);
			runOnlyForDeploymentPostprocessing = 0;
			shellPath = /bin/sh;
			shellScript = "\"${SRCROOT}/Pods/Target Support Files/Pods-FirstCocoapodProject/Pods-FirstCocoapodProject-resources.sh\"\n";
			showEnvVarsInLog = 0;
		};
		438D52E1D052C2470E634D95 /* [CP] Embed Pods Frameworks */ = {
			isa = PBXShellScriptBuildPhase;
			buildActionMask = 2147483647;
			files = (
			);
			inputPaths = (
			);
			name = "[CP] Embed Pods Frameworks";
			outputPaths = (
			);
			runOnlyForDeploymentPostprocessing = 0;
			shellPath = /bin/sh;
			shellScript = "\"${SRCROOT}/Pods/Target Support Files/Pods-FirstCocoapodProject/Pods-FirstCocoapodProject-frameworks.sh\"\n";
			showEnvVarsInLog = 0;
		};
/* End PBXShellScriptBuildPhase section */

/* Begin PBXSourcesBuildPhase section */
		9B63A1841DEDE58D002507B3 /* Sources */ = {
			isa = PBXSourcesBuildPhase;
			buildActionMask = 2147483647;
			files = (
				9B63A18E1DEDE58D002507B3 /* ViewController.swift in Sources */,
				9B63A18C1DEDE58D002507B3 /* AppDelegate.swift in Sources */,
			);
			runOnlyForDeploymentPostprocessing = 0;
		};
/* End PBXSourcesBuildPhase section */

/* Begin PBXVariantGroup section */
		9B63A18F1DEDE58E002507B3 /* Main.storyboard */ = {
			isa = PBXVariantGroup;
			children = (
				9B63A1901DEDE58E002507B3 /* Base */,
			);
			name = Main.storyboard;
			sourceTree = "<group>";
		};
		9B63A1941DEDE58E002507B3 /* LaunchScreen.storyboard */ = {
			isa = PBXVariantGroup;
			children = (
				9B63A1951DEDE58E002507B3 /* Base */,
			);
			name = LaunchScreen.storyboard;
			sourceTree = "<group>";
		};
/* End PBXVariantGroup section */

/* Begin XCBuildConfiguration section */
		9B63A1981DEDE58E002507B3 /* Debug */ = {
			isa = XCBuildConfiguration;
			buildSettings = {
				ALWAYS_SEARCH_USER_PATHS = NO;
				CLANG_ANALYZER_NONNULL = YES;
				CLANG_CXX_LANGUAGE_STANDARD = "gnu++0x";
				CLANG_CXX_LIBRARY = "libc++";
				CLANG_ENABLE_MODULES = YES;
				CLANG_ENABLE_OBJC_ARC = YES;
				CLANG_WARN_BOOL_CONVERSION = YES;
				CLANG_WARN_CONSTANT_CONVERSION = YES;
				CLANG_WARN_DIRECT_OBJC_ISA_USAGE = YES_ERROR;
				CLANG_WARN_DOCUMENTATION_COMMENTS = YES;
				CLANG_WARN_EMPTY_BODY = YES;
				CLANG_WARN_ENUM_CONVERSION = YES;
				CLANG_WARN_INFINITE_RECURSION = YES;
				CLANG_WARN_INT_CONVERSION = YES;
				CLANG_WARN_OBJC_ROOT_CLASS = YES_ERROR;
				CLANG_WARN_SUSPICIOUS_MOVES = YES;
				CLANG_WARN_UNREACHABLE_CODE = YES;
				CLANG_WARN__DUPLICATE_METHOD_MATCH = YES;
				"CODE_SIGN_IDENTITY[sdk=iphoneos*]" = "iPhone Developer";
				COPY_PHASE_STRIP = NO;
				DEBUG_INFORMATION_FORMAT = dwarf;
				ENABLE_STRICT_OBJC_MSGSEND = YES;
				ENABLE_TESTABILITY = YES;
				GCC_C_LANGUAGE_STANDARD = gnu99;
				GCC_DYNAMIC_NO_PIC = NO;
				GCC_NO_COMMON_BLOCKS = YES;
				GCC_OPTIMIZATION_LEVEL = 0;
				GCC_PREPROCESSOR_DEFINITIONS = (
					"DEBUG=1",
					"$(inherited)",
				);
				GCC_WARN_64_TO_32_BIT_CONVERSION = YES;
				GCC_WARN_ABOUT_RETURN_TYPE = YES_ERROR;
				GCC_WARN_UNDECLARED_SELECTOR = YES;
				GCC_WARN_UNINITIALIZED_AUTOS = YES_AGGRESSIVE;
				GCC_WARN_UNUSED_FUNCTION = YES;
				GCC_WARN_UNUSED_VARIABLE = YES;
				IPHONEOS_DEPLOYMENT_TARGET = 10.1;
				MTL_ENABLE_DEBUG_INFO = YES;
				ONLY_ACTIVE_ARCH = YES;
				SDKROOT = iphoneos;
				SWIFT_ACTIVE_COMPILATION_CONDITIONS = DEBUG;
				SWIFT_OPTIMIZATION_LEVEL = "-Onone";
				TARGETED_DEVICE_FAMILY = "1,2";
			};
			name = Debug;
		};
		9B63A1991DEDE58E002507B3 /* Release */ = {
			isa = XCBuildConfiguration;
			buildSettings = {
				ALWAYS_SEARCH_USER_PATHS = NO;
				CLANG_ANALYZER_NONNULL = YES;
				CLANG_CXX_LANGUAGE_STANDARD = "gnu++0x";
				CLANG_CXX_LIBRARY = "libc++";
				CLANG_ENABLE_MODULES = YES;
				CLANG_ENABLE_OBJC_ARC = YES;
				CLANG_WARN_BOOL_CONVERSION = YES;
				CLANG_WARN_CONSTANT_CONVERSION = YES;
				CLANG_WARN_DIRECT_OBJC_ISA_USAGE = YES_ERROR;
				CLANG_WARN_DOCUMENTATION_COMMENTS = YES;
				CLANG_WARN_EMPTY_BODY = YES;
				CLANG_WARN_ENUM_CONVERSION = YES;
				CLANG_WARN_INFINITE_RECURSION = YES;
				CLANG_WARN_INT_CONVERSION = YES;
				CLANG_WARN_OBJC_ROOT_CLASS = YES_ERROR;
				CLANG_WARN_SUSPICIOUS_MOVES = YES;
				CLANG_WARN_UNREACHABLE_CODE = YES;
				CLANG_WARN__DUPLICATE_METHOD_MATCH = YES;
				"CODE_SIGN_IDENTITY[sdk=iphoneos*]" = "iPhone Developer";
				COPY_PHASE_STRIP = NO;
				DEBUG_INFORMATION_FORMAT = "dwarf-with-dsym";
				ENABLE_NS_ASSERTIONS = NO;
				ENABLE_STRICT_OBJC_MSGSEND = YES;
				GCC_C_LANGUAGE_STANDARD = gnu99;
				GCC_NO_COMMON_BLOCKS = YES;
				GCC_WARN_64_TO_32_BIT_CONVERSION = YES;
				GCC_WARN_ABOUT_RETURN_TYPE = YES_ERROR;
				GCC_WARN_UNDECLARED_SELECTOR = YES;
				GCC_WARN_UNINITIALIZED_AUTOS = YES_AGGRESSIVE;
				GCC_WARN_UNUSED_FUNCTION = YES;
				GCC_WARN_UNUSED_VARIABLE = YES;
				IPHONEOS_DEPLOYMENT_TARGET = 10.1;
				MTL_ENABLE_DEBUG_INFO = NO;
				SDKROOT = iphoneos;
				SWIFT_OPTIMIZATION_LEVEL = "-Owholemodule";
				TARGETED_DEVICE_FAMILY = "1,2";
				VALIDATE_PRODUCT = YES;
			};
			name = Release;
		};
		9B63A19B1DEDE58E002507B3 /* Debug */ = {
			isa = XCBuildConfiguration;
			baseConfigurationReference = 4D275AF70B07D63AF953225E /* Pods-FirstCocoapodProject.debug.xcconfig */;
			buildSettings = {
				ASSETCATALOG_COMPILER_APPICON_NAME = AppIcon;
				DEVELOPMENT_TEAM = G6ZU47QNTF;
				INFOPLIST_FILE = FirstCocoapodProject/Info.plist;
				LD_RUNPATH_SEARCH_PATHS = "$(inherited) @executable_path/Frameworks";
				PRODUCT_BUNDLE_IDENTIFIER = nyc.c4q.madushanilekamwasamliyanage.FirstCocoapodProject;
				PRODUCT_NAME = "$(TARGET_NAME)";
				SWIFT_VERSION = 3.0;
			};
			name = Debug;
		};
		9B63A19C1DEDE58E002507B3 /* Release */ = {
			isa = XCBuildConfiguration;
			baseConfigurationReference = 1A1672153C6CB818F7BFEE52 /* Pods-FirstCocoapodProject.release.xcconfig */;
			buildSettings = {
				ASSETCATALOG_COMPILER_APPICON_NAME = AppIcon;
				DEVELOPMENT_TEAM = G6ZU47QNTF;
				INFOPLIST_FILE = FirstCocoapodProject/Info.plist;
				LD_RUNPATH_SEARCH_PATHS = "$(inherited) @executable_path/Frameworks";
				PRODUCT_BUNDLE_IDENTIFIER = nyc.c4q.madushanilekamwasamliyanage.FirstCocoapodProject;
				PRODUCT_NAME = "$(TARGET_NAME)";
				SWIFT_VERSION = 3.0;
			};
			name = Release;
		};
/* End XCBuildConfiguration section */

/* Begin XCConfigurationList section */
		9B63A1831DEDE58D002507B3 /* Build configuration list for PBXProject "FirstCocoapodProject" */ = {
			isa = XCConfigurationList;
			buildConfigurations = (
				9B63A1981DEDE58E002507B3 /* Debug */,
				9B63A1991DEDE58E002507B3 /* Release */,
			);
			defaultConfigurationIsVisible = 0;
			defaultConfigurationName = Release;
		};
		9B63A19A1DEDE58E002507B3 /* Build configuration list for PBXNativeTarget "FirstCocoapodProject" */ = {
			isa = XCConfigurationList;
			buildConfigurations = (
				9B63A19B1DEDE58E002507B3 /* Debug */,
				9B63A19C1DEDE58E002507B3 /* Release */,
			);
			defaultConfigurationIsVisible = 0;
		};
/* End XCConfigurationList section */
	};
	rootObject = 9B63A1801DEDE58D002507B3 /* Project object */;
}
